
Microsoft Visual Studio Solution File, Format Version 12.00
# Visual Studio Version 16
VisualStudioVersion = 16.0.30413.136
MinimumVisualStudioVersion = 10.0.40219.1
Project("{FAE04EC0-301F-11D3-BF4B-00C04F79EFBC}") = "Reborn", "Reborn\Reborn.csproj", "{40E21185-E8AC-404D-9F9A-78367FC21402}"
EndProject
Global
	GlobalSection(SolutionConfigurationPlatforms) = preSolution
		Debug|Any CPU = Debug|Any CPU
		Release|Any CPU = Release|Any CPU
	EndGlobalSection
	GlobalSection(ProjectConfigurationPlatforms) = postSolution
		{40E21185-E8AC-404D-9F9A-78367FC21402}.Debug|Any CPU.ActiveCfg = Debug|Any CPU
		{40E21185-E8AC-404D-9F9A-78367FC21402}.Debug|Any CPU.Build.0 = Debug|Any CPU
		{40E21185-E8AC-404D-9F9A-78367FC21402}.Release|Any CPU.ActiveCfg = Release|Any CPU
		{40E21185-E8AC-404D-9F9A-78367FC21402}.Release|Any CPU.Build.0 = Release|Any CPU
	EndGlobalSection
	GlobalSection(SolutionProperties) = preSolution
		HideSolutionNode = FALSE
	EndGlobalSection
	GlobalSection(ExtensibilityGlobals) = postSolution
		SolutionGuid = {C5B2A999-2B95-48DF-A59E-4B5145116EB7}
	EndGlobalSection
EndGlobal
